
Microsoft Visual Studio Solution File, Format Version 12.00
# Visual Studio Version 17
VisualStudioVersion = 17.12.35527.113
MinimumVisualStudioVersion = 10.0.40219.1
Project("{8BC9CEB8-8B4A-11D0-8D11-00A0C91BC942}") = "BattleJack", "BattleJack\BattleJack.vcxproj", "{BFDF8C3B-D0B4-41C9-8249-3547E076944C}"
EndProject
Project("{8BC9CEB8-8B4A-11D0-8D11-00A0C91BC942}") = "TestApp", "TestApp\TestApp.vcxproj", "{1038D158-C75B-498B-B0A6-E9540C304370}"
EndProject
Global
	GlobalSection(SolutionConfigurationPlatforms) = preSolution
		Debug|x64 = Debug|x64
		Debug|x86 = Debug|x86
		Release|x64 = Release|x64
		Release|x86 = Release|x86
	EndGlobalSection
	GlobalSection(ProjectConfigurationPlatforms) = postSolution
		{BFDF8C3B-D0B4-41C9-8249-3547E076944C}.Debug|x64.ActiveCfg = Debug|x64
		{BFDF8C3B-D0B4-41C9-8249-3547E076944C}.Debug|x64.Build.0 = Debug|x64
		{BFDF8C3B-D0B4-41C9-8249-3547E076944C}.Debug|x86.ActiveCfg = Debug|Win32
		{BFDF8C3B-D0B4-41C9-8249-3547E076944C}.Debug|x86.Build.0 = Debug|Win32
		{BFDF8C3B-D0B4-41C9-8249-3547E076944C}.Release|x64.ActiveCfg = Release|x64
		{BFDF8C3B-D0B4-41C9-8249-3547E076944C}.Release|x64.Build.0 = Release|x64
		{BFDF8C3B-D0B4-41C9-8249-3547E076944C}.Release|x86.ActiveCfg = Release|Win32
		{BFDF8C3B-D0B4-41C9-8249-3547E076944C}.Release|x86.Build.0 = Release|Win32
		{1038D158-C75B-498B-B0A6-E9540C304370}.Debug|x64.ActiveCfg = Debug|x64
		{1038D158-C75B-498B-B0A6-E9540C304370}.Debug|x64.Build.0 = Debug|x64
		{1038D158-C75B-498B-B0A6-E9540C304370}.Debug|x86.ActiveCfg = Debug|Win32
		{1038D158-C75B-498B-B0A6-E9540C304370}.Debug|x86.Build.0 = Debug|Win32
		{1038D158-C75B-498B-B0A6-E9540C304370}.Release|x64.ActiveCfg = Release|x64
		{1038D158-C75B-498B-B0A6-E9540C304370}.Release|x64.Build.0 = Release|x64
		{1038D158-C75B-498B-B0A6-E9540C304370}.Release|x86.ActiveCfg = Release|Win32
		{1038D158-C75B-498B-B0A6-E9540C304370}.Release|x86.Build.0 = Release|Win32
	EndGlobalSection
	GlobalSection(SolutionProperties) = preSolution
		HideSolutionNode = FALSE
	EndGlobalSection
EndGlobal
